// !$*UTF8*$!
{
	archiveVersion = 1;
	classes = {
	};
	objectVersion = 48;
	objects = {

/* Begin PBXBuildFile section */
		FA34BC702023D3BD00432B62 /* YouGenreViewController.swift in Sources */ = {isa = PBXBuildFile; fileRef = FA34BC6F2023D3BD00432B62 /* YouGenreViewController.swift */; };
		FA34BC722023D53900432B62 /* YouPeopleViewController.swift in Sources */ = {isa = PBXBuildFile; fileRef = FA34BC712023D53900432B62 /* YouPeopleViewController.swift */; };
		FA4A03822025055A005F6F09 /* YourFriendGenreViewController.swift in Sources */ = {isa = PBXBuildFile; fileRef = FA4A03812025055A005F6F09 /* YourFriendGenreViewController.swift */; };
		FA4A03842025056E005F6F09 /* YourFriendPeopleViewController.swift in Sources */ = {isa = PBXBuildFile; fileRef = FA4A03832025056E005F6F09 /* YourFriendPeopleViewController.swift */; };
		FA4A0386202D1DD2005F6F09 /* ImagesEndpoint.swift in Sources */ = {isa = PBXBuildFile; fileRef = FA4A0385202D1DD2005F6F09 /* ImagesEndpoint.swift */; };
		FA51F717203CB80A000A407D /* YouPeopleDataSource.swift in Sources */ = {isa = PBXBuildFile; fileRef = FA51F716203CB80A000A407D /* YouPeopleDataSource.swift */; };
		FA51F719203E30A1000A407D /* YouPeopleViewModel.swift in Sources */ = {isa = PBXBuildFile; fileRef = FA51F718203E30A1000A407D /* YouPeopleViewModel.swift */; };
		FAB4D7F5203786D90074F157 /* YouGenreDataSource.swift in Sources */ = {isa = PBXBuildFile; fileRef = FAB4D7F4203786D90074F157 /* YouGenreDataSource.swift */; };
		FAB7E495201BCF560008497D /* YourResultsTableViewCell.swift in Sources */ = {isa = PBXBuildFile; fileRef = FAB7E494201BCF560008497D /* YourResultsTableViewCell.swift */; };
		FAB7E499201FCD0E0008497D /* YouGenreTableViewCell.swift in Sources */ = {isa = PBXBuildFile; fileRef = FAB7E498201FCD0E0008497D /* YouGenreTableViewCell.swift */; };
		FAB7E49B201FD4E40008497D /* YourFriendGenreTableViewCell.swift in Sources */ = {isa = PBXBuildFile; fileRef = FAB7E49A201FD4E40008497D /* YourFriendGenreTableViewCell.swift */; };
		FAB7E49E201FF2470008497D /* YouActorsTableViewCell.swift in Sources */ = {isa = PBXBuildFile; fileRef = FAB7E49D201FF2470008497D /* YouActorsTableViewCell.swift */; };
		FAB7E4A0201FF25B0008497D /* YourFriendActorsTableViewCell.swift in Sources */ = {isa = PBXBuildFile; fileRef = FAB7E49F201FF25B0008497D /* YourFriendActorsTableViewCell.swift */; };
		FAB7E4A4202107B10008497D /* YourMovieFinalViewController.swift in Sources */ = {isa = PBXBuildFile; fileRef = FAB7E4A3202107B10008497D /* YourMovieFinalViewController.swift */; };
		FAB7E4A6202108380008497D /* YourResultsTableViewController.swift in Sources */ = {isa = PBXBuildFile; fileRef = FAB7E4A5202108380008497D /* YourResultsTableViewController.swift */; };
		FACB05112016769D006545D6 /* AppDelegate.swift in Sources */ = {isa = PBXBuildFile; fileRef = FACB05102016769D006545D6 /* AppDelegate.swift */; };
		FACB05132016769D006545D6 /* HomeScreenViewController.swift in Sources */ = {isa = PBXBuildFile; fileRef = FACB05122016769D006545D6 /* HomeScreenViewController.swift */; };
		FACB05162016769D006545D6 /* Main.storyboard in Resources */ = {isa = PBXBuildFile; fileRef = FACB05142016769D006545D6 /* Main.storyboard */; };
		FACB05182016769D006545D6 /* Assets.xcassets in Resources */ = {isa = PBXBuildFile; fileRef = FACB05172016769D006545D6 /* Assets.xcassets */; };
		FACB051B2016769D006545D6 /* LaunchScreen.storyboard in Resources */ = {isa = PBXBuildFile; fileRef = FACB05192016769D006545D6 /* LaunchScreen.storyboard */; };
		FACB05232017CE95006545D6 /* Errors.swift in Sources */ = {isa = PBXBuildFile; fileRef = FACB05222017CE95006545D6 /* Errors.swift */; };
		FACB052A2017CF50006545D6 /* JSONDownloader.swift in Sources */ = {isa = PBXBuildFile; fileRef = FACB05292017CF50006545D6 /* JSONDownloader.swift */; };
		FACB052C2017CF93006545D6 /* MovieDatabaseAPIClient.swift in Sources */ = {isa = PBXBuildFile; fileRef = FACB052B2017CF93006545D6 /* MovieDatabaseAPIClient.swift */; };
		FACB052F2017D042006545D6 /* Endpoint.swift in Sources */ = {isa = PBXBuildFile; fileRef = FACB052E2017D042006545D6 /* Endpoint.swift */; };
		FACB05312017D0A2006545D6 /* Movie.swift in Sources */ = {isa = PBXBuildFile; fileRef = FACB05302017D0A2006545D6 /* Movie.swift */; };
		FACB05332017D0F2006545D6 /* MovieDBEntity.swift in Sources */ = {isa = PBXBuildFile; fileRef = FACB05322017D0F2006545D6 /* MovieDBEntity.swift */; };
		FACB05352017D31F006545D6 /* StubData.swift in Sources */ = {isa = PBXBuildFile; fileRef = FACB05342017D31F006545D6 /* StubData.swift */; };
		FACB05572017FFC5006545D6 /* Person.swift in Sources */ = {isa = PBXBuildFile; fileRef = FACB05562017FFC5006545D6 /* Person.swift */; };
		FACB05592018002D006545D6 /* Genre.swift in Sources */ = {isa = PBXBuildFile; fileRef = FACB05582018002D006545D6 /* Genre.swift */; };
/* End PBXBuildFile section */

/* Begin PBXFileReference section */
		FA34BC6F2023D3BD00432B62 /* YouGenreViewController.swift */ = {isa = PBXFileReference; lastKnownFileType = sourcecode.swift; path = YouGenreViewController.swift; sourceTree = "<group>"; };
		FA34BC712023D53900432B62 /* YouPeopleViewController.swift */ = {isa = PBXFileReference; lastKnownFileType = sourcecode.swift; path = YouPeopleViewController.swift; sourceTree = "<group>"; };
		FA4A03812025055A005F6F09 /* YourFriendGenreViewController.swift */ = {isa = PBXFileReference; lastKnownFileType = sourcecode.swift; path = YourFriendGenreViewController.swift; sourceTree = "<group>"; };
		FA4A03832025056E005F6F09 /* YourFriendPeopleViewController.swift */ = {isa = PBXFileReference; lastKnownFileType = sourcecode.swift; path = YourFriendPeopleViewController.swift; sourceTree = "<group>"; };
		FA4A0385202D1DD2005F6F09 /* ImagesEndpoint.swift */ = {isa = PBXFileReference; lastKnownFileType = sourcecode.swift; path = ImagesEndpoint.swift; sourceTree = "<group>"; };
		FA51F716203CB80A000A407D /* YouPeopleDataSource.swift */ = {isa = PBXFileReference; lastKnownFileType = sourcecode.swift; path = YouPeopleDataSource.swift; sourceTree = "<group>"; };
		FA51F718203E30A1000A407D /* YouPeopleViewModel.swift */ = {isa = PBXFileReference; lastKnownFileType = sourcecode.swift; path = YouPeopleViewModel.swift; sourceTree = "<group>"; };
		FAB4D7F4203786D90074F157 /* YouGenreDataSource.swift */ = {isa = PBXFileReference; lastKnownFileType = sourcecode.swift; path = YouGenreDataSource.swift; sourceTree = "<group>"; };
		FAB7E494201BCF560008497D /* YourResultsTableViewCell.swift */ = {isa = PBXFileReference; lastKnownFileType = sourcecode.swift; path = YourResultsTableViewCell.swift; sourceTree = "<group>"; };
		FAB7E498201FCD0E0008497D /* YouGenreTableViewCell.swift */ = {isa = PBXFileReference; lastKnownFileType = sourcecode.swift; path = YouGenreTableViewCell.swift; sourceTree = "<group>"; };
		FAB7E49A201FD4E40008497D /* YourFriendGenreTableViewCell.swift */ = {isa = PBXFileReference; lastKnownFileType = sourcecode.swift; path = YourFriendGenreTableViewCell.swift; sourceTree = "<group>"; };
		FAB7E49D201FF2470008497D /* YouActorsTableViewCell.swift */ = {isa = PBXFileReference; lastKnownFileType = sourcecode.swift; path = YouActorsTableViewCell.swift; sourceTree = "<group>"; };
		FAB7E49F201FF25B0008497D /* YourFriendActorsTableViewCell.swift */ = {isa = PBXFileReference; lastKnownFileType = sourcecode.swift; path = YourFriendActorsTableViewCell.swift; sourceTree = "<group>"; };
		FAB7E4A3202107B10008497D /* YourMovieFinalViewController.swift */ = {isa = PBXFileReference; lastKnownFileType = sourcecode.swift; path = YourMovieFinalViewController.swift; sourceTree = "<group>"; };
		FAB7E4A5202108380008497D /* YourResultsTableViewController.swift */ = {isa = PBXFileReference; lastKnownFileType = sourcecode.swift; path = YourResultsTableViewController.swift; sourceTree = "<group>"; };
		FACB050D2016769D006545D6 /* MovieNight.app */ = {isa = PBXFileReference; explicitFileType = wrapper.application; includeInIndex = 0; path = MovieNight.app; sourceTree = BUILT_PRODUCTS_DIR; };
		FACB05102016769D006545D6 /* AppDelegate.swift */ = {isa = PBXFileReference; lastKnownFileType = sourcecode.swift; path = AppDelegate.swift; sourceTree = "<group>"; };
		FACB05122016769D006545D6 /* HomeScreenViewController.swift */ = {isa = PBXFileReference; lastKnownFileType = sourcecode.swift; path = HomeScreenViewController.swift; sourceTree = "<group>"; };
		FACB05152016769D006545D6 /* Base */ = {isa = PBXFileReference; lastKnownFileType = file.storyboard; name = Base; path = Base.lproj/Main.storyboard; sourceTree = "<group>"; };
		FACB05172016769D006545D6 /* Assets.xcassets */ = {isa = PBXFileReference; lastKnownFileType = folder.assetcatalog; path = Assets.xcassets; sourceTree = "<group>"; };
		FACB051A2016769D006545D6 /* Base */ = {isa = PBXFileReference; lastKnownFileType = file.storyboard; name = Base; path = Base.lproj/LaunchScreen.storyboard; sourceTree = "<group>"; };
		FACB051C2016769D006545D6 /* Info.plist */ = {isa = PBXFileReference; lastKnownFileType = text.plist.xml; path = Info.plist; sourceTree = "<group>"; };
		FACB05222017CE95006545D6 /* Errors.swift */ = {isa = PBXFileReference; lastKnownFileType = sourcecode.swift; path = Errors.swift; sourceTree = "<group>"; };
		FACB05292017CF50006545D6 /* JSONDownloader.swift */ = {isa = PBXFileReference; lastKnownFileType = sourcecode.swift; path = JSONDownloader.swift; sourceTree = "<group>"; };
		FACB052B2017CF93006545D6 /* MovieDatabaseAPIClient.swift */ = {isa = PBXFileReference; lastKnownFileType = sourcecode.swift; path = MovieDatabaseAPIClient.swift; sourceTree = "<group>"; };
		FACB052E2017D042006545D6 /* Endpoint.swift */ = {isa = PBXFileReference; lastKnownFileType = sourcecode.swift; path = Endpoint.swift; sourceTree = "<group>"; };
		FACB05302017D0A2006545D6 /* Movie.swift */ = {isa = PBXFileReference; lastKnownFileType = sourcecode.swift; path = Movie.swift; sourceTree = "<group>"; };
		FACB05322017D0F2006545D6 /* MovieDBEntity.swift */ = {isa = PBXFileReference; lastKnownFileType = sourcecode.swift; path = MovieDBEntity.swift; sourceTree = "<group>"; };
		FACB05342017D31F006545D6 /* StubData.swift */ = {isa = PBXFileReference; lastKnownFileType = sourcecode.swift; path = StubData.swift; sourceTree = "<group>"; };
		FACB05562017FFC5006545D6 /* Person.swift */ = {isa = PBXFileReference; lastKnownFileType = sourcecode.swift; path = Person.swift; sourceTree = "<group>"; };
		FACB05582018002D006545D6 /* Genre.swift */ = {isa = PBXFileReference; lastKnownFileType = sourcecode.swift; path = Genre.swift; sourceTree = "<group>"; };
/* End PBXFileReference section */

/* Begin PBXFrameworksBuildPhase section */
		FACB050A2016769D006545D6 /* Frameworks */ = {
			isa = PBXFrameworksBuildPhase;
			buildActionMask = 2147483647;
			files = (
			);
			runOnlyForDeploymentPostprocessing = 0;
		};
/* End PBXFrameworksBuildPhase section */

/* Begin PBXGroup section */
		FA51F715203CB7D0000A407D /* You Data Sources */ = {
			isa = PBXGroup;
			children = (
				FAB4D7F4203786D90074F157 /* YouGenreDataSource.swift */,
				FA51F716203CB80A000A407D /* YouPeopleDataSource.swift */,
			);
			path = "You Data Sources";
			sourceTree = "<group>";
		};
		FAB7E49C201FF2110008497D /* TableViewCells */ = {
			isa = PBXGroup;
			children = (
				FAB7E494201BCF560008497D /* YourResultsTableViewCell.swift */,
				FAB7E4A1201FF2610008497D /* You */,
				FAB7E4A2201FF2670008497D /* Your Friend */,
			);
			path = TableViewCells;
			sourceTree = "<group>";
		};
		FAB7E4A1201FF2610008497D /* You */ = {
			isa = PBXGroup;
			children = (
				FAB7E498201FCD0E0008497D /* YouGenreTableViewCell.swift */,
				FAB7E49D201FF2470008497D /* YouActorsTableViewCell.swift */,
			);
			path = You;
			sourceTree = "<group>";
		};
		FAB7E4A2201FF2670008497D /* Your Friend */ = {
			isa = PBXGroup;
			children = (
				FAB7E49A201FD4E40008497D /* YourFriendGenreTableViewCell.swift */,
				FAB7E49F201FF25B0008497D /* YourFriendActorsTableViewCell.swift */,
			);
			path = "Your Friend";
			sourceTree = "<group>";
		};
		FAB7E4A7202108750008497D /* You */ = {
			isa = PBXGroup;
			children = (
				FA34BC6F2023D3BD00432B62 /* YouGenreViewController.swift */,
				FA34BC712023D53900432B62 /* YouPeopleViewController.swift */,
			);
			path = You;
			sourceTree = "<group>";
		};
		FAB7E4A82021087D0008497D /* Your Friend */ = {
			isa = PBXGroup;
			children = (
				FA4A03812025055A005F6F09 /* YourFriendGenreViewController.swift */,
				FA4A03832025056E005F6F09 /* YourFriendPeopleViewController.swift */,
			);
			path = "Your Friend";
			sourceTree = "<group>";
		};
		FACB05042016769D006545D6 = {
			isa = PBXGroup;
			children = (
				FACB050F2016769D006545D6 /* MovieNight */,
				FACB050E2016769D006545D6 /* Products */,
			);
			sourceTree = "<group>";
		};
		FACB050E2016769D006545D6 /* Products */ = {
			isa = PBXGroup;
			children = (
				FACB050D2016769D006545D6 /* MovieNight.app */,
			);
			name = Products;
			sourceTree = "<group>";
		};
		FACB050F2016769D006545D6 /* MovieNight */ = {
			isa = PBXGroup;
			children = (
				FACB05102016769D006545D6 /* AppDelegate.swift */,
				FACB05142016769D006545D6 /* Main.storyboard */,
				FACB05222017CE95006545D6 /* Errors.swift */,
				FACB05282017CF1F006545D6 /* Data Sources */,
				FACB05242017CEAA006545D6 /* Networking */,
				FACB05252017CEB4006545D6 /* Models */,
				FACB05262017CEBC006545D6 /* View Models */,
				FACB05272017CECD006545D6 /* Controllers */,
				FACB05172016769D006545D6 /* Assets.xcassets */,
				FACB05192016769D006545D6 /* LaunchScreen.storyboard */,
				FACB051C2016769D006545D6 /* Info.plist */,
			);
			path = MovieNight;
			sourceTree = "<group>";
		};
		FACB05242017CEAA006545D6 /* Networking */ = {
			isa = PBXGroup;
			children = (
				FACB052D2017D02B006545D6 /* Endpoint */,
				FACB05292017CF50006545D6 /* JSONDownloader.swift */,
				FACB052B2017CF93006545D6 /* MovieDatabaseAPIClient.swift */,
			);
			path = Networking;
			sourceTree = "<group>";
		};
		FACB05252017CEB4006545D6 /* Models */ = {
			isa = PBXGroup;
			children = (
				FACB05322017D0F2006545D6 /* MovieDBEntity.swift */,
				FACB05582018002D006545D6 /* Genre.swift */,
				FACB05302017D0A2006545D6 /* Movie.swift */,
				FACB05562017FFC5006545D6 /* Person.swift */,
				FACB05342017D31F006545D6 /* StubData.swift */,
			);
			path = Models;
			sourceTree = "<group>";
		};
		FACB05262017CEBC006545D6 /* View Models */ = {
			isa = PBXGroup;
			children = (
				FA51F718203E30A1000A407D /* YouPeopleViewModel.swift */,
			);
			path = "View Models";
			sourceTree = "<group>";
		};
		FACB05272017CECD006545D6 /* Controllers */ = {
			isa = PBXGroup;
			children = (
				FACB05122016769D006545D6 /* HomeScreenViewController.swift */,
				FAB7E4A5202108380008497D /* YourResultsTableViewController.swift */,
				FAB7E4A3202107B10008497D /* YourMovieFinalViewController.swift */,
				FAB7E4A7202108750008497D /* You */,
				FAB7E4A82021087D0008497D /* Your Friend */,
				FAB7E49C201FF2110008497D /* TableViewCells */,
			);
			path = Controllers;
			sourceTree = "<group>";
		};
		FACB05282017CF1F006545D6 /* Data Sources */ = {
			isa = PBXGroup;
			children = (
				FA51F715203CB7D0000A407D /* You Data Sources */,
			);
			path = "Data Sources";
			sourceTree = "<group>";
		};
		FACB052D2017D02B006545D6 /* Endpoint */ = {
			isa = PBXGroup;
			children = (
				FACB052E2017D042006545D6 /* Endpoint.swift */,
				FA4A0385202D1DD2005F6F09 /* ImagesEndpoint.swift */,
			);
			path = Endpoint;
			sourceTree = "<group>";
		};
/* End PBXGroup section */

/* Begin PBXNativeTarget section */
		FACB050C2016769D006545D6 /* MovieNight */ = {
			isa = PBXNativeTarget;
			buildConfigurationList = FACB051F2016769D006545D6 /* Build configuration list for PBXNativeTarget "MovieNight" */;
			buildPhases = (
				FACB05092016769D006545D6 /* Sources */,
				FACB050A2016769D006545D6 /* Frameworks */,
				FACB050B2016769D006545D6 /* Resources */,
			);
			buildRules = (
			);
			dependencies = (
			);
			name = MovieNight;
			productName = MovieNight;
			productReference = FACB050D2016769D006545D6 /* MovieNight.app */;
			productType = "com.apple.product-type.application";
		};
/* End PBXNativeTarget section */

/* Begin PBXProject section */
		FACB05052016769D006545D6 /* Project object */ = {
			isa = PBXProject;
			attributes = {
				LastSwiftUpdateCheck = 0920;
				LastUpgradeCheck = 0920;
				ORGANIZATIONNAME = "leme group";
				TargetAttributes = {
					FACB050C2016769D006545D6 = {
						CreatedOnToolsVersion = 9.2;
						ProvisioningStyle = Automatic;
					};
				};
			};
			buildConfigurationList = FACB05082016769D006545D6 /* Build configuration list for PBXProject "MovieNight" */;
			compatibilityVersion = "Xcode 8.0";
			developmentRegion = en;
			hasScannedForEncodings = 0;
			knownRegions = (
				en,
				Base,
			);
			mainGroup = FACB05042016769D006545D6;
			productRefGroup = FACB050E2016769D006545D6 /* Products */;
			projectDirPath = "";
			projectRoot = "";
			targets = (
				FACB050C2016769D006545D6 /* MovieNight */,
			);
		};
/* End PBXProject section */

/* Begin PBXResourcesBuildPhase section */
		FACB050B2016769D006545D6 /* Resources */ = {
			isa = PBXResourcesBuildPhase;
			buildActionMask = 2147483647;
			files = (
				FACB051B2016769D006545D6 /* LaunchScreen.storyboard in Resources */,
				FACB05182016769D006545D6 /* Assets.xcassets in Resources */,
				FACB05162016769D006545D6 /* Main.storyboard in Resources */,
			);
			runOnlyForDeploymentPostprocessing = 0;
		};
/* End PBXResourcesBuildPhase section */

/* Begin PBXSourcesBuildPhase section */
		FACB05092016769D006545D6 /* Sources */ = {
			isa = PBXSourcesBuildPhase;
			buildActionMask = 2147483647;
			files = (
				FACB05572017FFC5006545D6 /* Person.swift in Sources */,
				FAB7E495201BCF560008497D /* YourResultsTableViewCell.swift in Sources */,
				FACB05312017D0A2006545D6 /* Movie.swift in Sources */,
				FAB7E49E201FF2470008497D /* YouActorsTableViewCell.swift in Sources */,
				FACB05332017D0F2006545D6 /* MovieDBEntity.swift in Sources */,
				FA34BC702023D3BD00432B62 /* YouGenreViewController.swift in Sources */,
				FACB05592018002D006545D6 /* Genre.swift in Sources */,
				FAB7E499201FCD0E0008497D /* YouGenreTableViewCell.swift in Sources */,
				FACB052A2017CF50006545D6 /* JSONDownloader.swift in Sources */,
				FA51F717203CB80A000A407D /* YouPeopleDataSource.swift in Sources */,
				FAB7E4A0201FF25B0008497D /* YourFriendActorsTableViewCell.swift in Sources */,
				FACB05132016769D006545D6 /* HomeScreenViewController.swift in Sources */,
				FA34BC722023D53900432B62 /* YouPeopleViewController.swift in Sources */,
				FACB05232017CE95006545D6 /* Errors.swift in Sources */,
				FA4A03822025055A005F6F09 /* YourFriendGenreViewController.swift in Sources */,
				FA4A0386202D1DD2005F6F09 /* ImagesEndpoint.swift in Sources */,
				FAB7E4A6202108380008497D /* YourResultsTableViewController.swift in Sources */,
				FAB7E4A4202107B10008497D /* YourMovieFinalViewController.swift in Sources */,
				FACB05112016769D006545D6 /* AppDelegate.swift in Sources */,
				FACB052F2017D042006545D6 /* Endpoint.swift in Sources */,
				FAB7E49B201FD4E40008497D /* YourFriendGenreTableViewCell.swift in Sources */,
				FACB052C2017CF93006545D6 /* MovieDatabaseAPIClient.swift in Sources */,
				FACB05352017D31F006545D6 /* StubData.swift in Sources */,
				FAB4D7F5203786D90074F157 /* YouGenreDataSource.swift in Sources */,
				FA4A03842025056E005F6F09 /* YourFriendPeopleViewController.swift in Sources */,
				FA51F719203E30A1000A407D /* YouPeopleViewModel.swift in Sources */,
			);
			runOnlyForDeploymentPostprocessing = 0;
		};
/* End PBXSourcesBuildPhase section */

/* Begin PBXVariantGroup section */
		FACB05142016769D006545D6 /* Main.storyboard */ = {
			isa = PBXVariantGroup;
			children = (
				FACB05152016769D006545D6 /* Base */,
			);
			name = Main.storyboard;
			sourceTree = "<group>";
		};
		FACB05192016769D006545D6 /* LaunchScreen.storyboard */ = {
			isa = PBXVariantGroup;
			children = (
				FACB051A2016769D006545D6 /* Base */,
			);
			name = LaunchScreen.storyboard;
			sourceTree = "<group>";
		};
/* End PBXVariantGroup section */

/* Begin XCBuildConfiguration section */
		FACB051D2016769D006545D6 /* Debug */ = {
			isa = XCBuildConfiguration;
			buildSettings = {
				ALWAYS_SEARCH_USER_PATHS = NO;
				CLANG_ANALYZER_NONNULL = YES;
				CLANG_ANALYZER_NUMBER_OBJECT_CONVERSION = YES_AGGRESSIVE;
				CLANG_CXX_LANGUAGE_STANDARD = "gnu++14";
				CLANG_CXX_LIBRARY = "libc++";
				CLANG_ENABLE_MODULES = YES;
				CLANG_ENABLE_OBJC_ARC = YES;
				CLANG_WARN_BLOCK_CAPTURE_AUTORELEASING = YES;
				CLANG_WARN_BOOL_CONVERSION = YES;
				CLANG_WARN_COMMA = YES;
				CLANG_WARN_CONSTANT_CONVERSION = YES;
				CLANG_WARN_DIRECT_OBJC_ISA_USAGE = YES_ERROR;
				CLANG_WARN_DOCUMENTATION_COMMENTS = YES;
				CLANG_WARN_EMPTY_BODY = YES;
				CLANG_WARN_ENUM_CONVERSION = YES;
				CLANG_WARN_INFINITE_RECURSION = YES;
				CLANG_WARN_INT_CONVERSION = YES;
				CLANG_WARN_NON_LITERAL_NULL_CONVERSION = YES;
				CLANG_WARN_OBJC_LITERAL_CONVERSION = YES;
				CLANG_WARN_OBJC_ROOT_CLASS = YES_ERROR;
				CLANG_WARN_RANGE_LOOP_ANALYSIS = YES;
				CLANG_WARN_STRICT_PROTOTYPES = YES;
				CLANG_WARN_SUSPICIOUS_MOVE = YES;
				CLANG_WARN_UNGUARDED_AVAILABILITY = YES_AGGRESSIVE;
				CLANG_WARN_UNREACHABLE_CODE = YES;
				CLANG_WARN__DUPLICATE_METHOD_MATCH = YES;
				CODE_SIGN_IDENTITY = "iPhone Developer";
				COPY_PHASE_STRIP = NO;
				DEBUG_INFORMATION_FORMAT = dwarf;
				ENABLE_STRICT_OBJC_MSGSEND = YES;
				ENABLE_TESTABILITY = YES;
				GCC_C_LANGUAGE_STANDARD = gnu11;
				GCC_DYNAMIC_NO_PIC = NO;
				GCC_NO_COMMON_BLOCKS = YES;
				GCC_OPTIMIZATION_LEVEL = 0;
				GCC_PREPROCESSOR_DEFINITIONS = (
					"DEBUG=1",
					"$(inherited)",
				);
				GCC_WARN_64_TO_32_BIT_CONVERSION = YES;
				GCC_WARN_ABOUT_RETURN_TYPE = YES_ERROR;
				GCC_WARN_UNDECLARED_SELECTOR = YES;
				GCC_WARN_UNINITIALIZED_AUTOS = YES_AGGRESSIVE;
				GCC_WARN_UNUSED_FUNCTION = YES;
				GCC_WARN_UNUSED_VARIABLE = YES;
				IPHONEOS_DEPLOYMENT_TARGET = 11.2;
				MTL_ENABLE_DEBUG_INFO = YES;
				ONLY_ACTIVE_ARCH = YES;
				SDKROOT = iphoneos;
				SWIFT_ACTIVE_COMPILATION_CONDITIONS = DEBUG;
				SWIFT_OPTIMIZATION_LEVEL = "-Onone";
			};
			name = Debug;
		};
		FACB051E2016769D006545D6 /* Release */ = {
			isa = XCBuildConfiguration;
			buildSettings = {
				ALWAYS_SEARCH_USER_PATHS = NO;
				CLANG_ANALYZER_NONNULL = YES;
				CLANG_ANALYZER_NUMBER_OBJECT_CONVERSION = YES_AGGRESSIVE;
				CLANG_CXX_LANGUAGE_STANDARD = "gnu++14";
				CLANG_CXX_LIBRARY = "libc++";
				CLANG_ENABLE_MODULES = YES;
				CLANG_ENABLE_OBJC_ARC = YES;
				CLANG_WARN_BLOCK_CAPTURE_AUTORELEASING = YES;
				CLANG_WARN_BOOL_CONVERSION = YES;
				CLANG_WARN_COMMA = YES;
				CLANG_WARN_CONSTANT_CONVERSION = YES;
				CLANG_WARN_DIRECT_OBJC_ISA_USAGE = YES_ERROR;
				CLANG_WARN_DOCUMENTATION_COMMENTS = YES;
				CLANG_WARN_EMPTY_BODY = YES;
				CLANG_WARN_ENUM_CONVERSION = YES;
				CLANG_WARN_INFINITE_RECURSION = YES;
				CLANG_WARN_INT_CONVERSION = YES;
				CLANG_WARN_NON_LITERAL_NULL_CONVERSION = YES;
				CLANG_WARN_OBJC_LITERAL_CONVERSION = YES;
				CLANG_WARN_OBJC_ROOT_CLASS = YES_ERROR;
				CLANG_WARN_RANGE_LOOP_ANALYSIS = YES;
				CLANG_WARN_STRICT_PROTOTYPES = YES;
				CLANG_WARN_SUSPICIOUS_MOVE = YES;
				CLANG_WARN_UNGUARDED_AVAILABILITY = YES_AGGRESSIVE;
				CLANG_WARN_UNREACHABLE_CODE = YES;
				CLANG_WARN__DUPLICATE_METHOD_MATCH = YES;
				CODE_SIGN_IDENTITY = "iPhone Developer";
				COPY_PHASE_STRIP = NO;
				DEBUG_INFORMATION_FORMAT = "dwarf-with-dsym";
				ENABLE_NS_ASSERTIONS = NO;
				ENABLE_STRICT_OBJC_MSGSEND = YES;
				GCC_C_LANGUAGE_STANDARD = gnu11;
				GCC_NO_COMMON_BLOCKS = YES;
				GCC_WARN_64_TO_32_BIT_CONVERSION = YES;
				GCC_WARN_ABOUT_RETURN_TYPE = YES_ERROR;
				GCC_WARN_UNDECLARED_SELECTOR = YES;
				GCC_WARN_UNINITIALIZED_AUTOS = YES_AGGRESSIVE;
				GCC_WARN_UNUSED_FUNCTION = YES;
				GCC_WARN_UNUSED_VARIABLE = YES;
				IPHONEOS_DEPLOYMENT_TARGET = 11.2;
				MTL_ENABLE_DEBUG_INFO = NO;
				SDKROOT = iphoneos;
				SWIFT_OPTIMIZATION_LEVEL = "-Owholemodule";
				VALIDATE_PRODUCT = YES;
			};
			name = Release;
		};
		FACB05202016769D006545D6 /* Debug */ = {
			isa = XCBuildConfiguration;
			buildSettings = {
				ASSETCATALOG_COMPILER_APPICON_NAME = AppIcon;
				CODE_SIGN_STYLE = Automatic;
				DEVELOPMENT_TEAM = Q2Z9B2AZ4W;
				INFOPLIST_FILE = MovieNight/Info.plist;
				LD_RUNPATH_SEARCH_PATHS = "$(inherited) @executable_path/Frameworks";
				PRODUCT_BUNDLE_IDENTIFIER = lemeGroup.MovieNight;
				PRODUCT_NAME = "$(TARGET_NAME)";
				SWIFT_VERSION = 4.0;
				TARGETED_DEVICE_FAMILY = "1,2";
			};
			name = Debug;
		};
		FACB05212016769D006545D6 /* Release */ = {
			isa = XCBuildConfiguration;
			buildSettings = {
				ASSETCATALOG_COMPILER_APPICON_NAME = AppIcon;
				CODE_SIGN_STYLE = Automatic;
				DEVELOPMENT_TEAM = Q2Z9B2AZ4W;
				INFOPLIST_FILE = MovieNight/Info.plist;
				LD_RUNPATH_SEARCH_PATHS = "$(inherited) @executable_path/Frameworks";
				PRODUCT_BUNDLE_IDENTIFIER = lemeGroup.MovieNight;
				PRODUCT_NAME = "$(TARGET_NAME)";
				SWIFT_VERSION = 4.0;
				TARGETED_DEVICE_FAMILY = "1,2";
			};
			name = Release;
		};
/* End XCBuildConfiguration section */

/* Begin XCConfigurationList section */
		FACB05082016769D006545D6 /* Build configuration list for PBXProject "MovieNight" */ = {
			isa = XCConfigurationList;
			buildConfigurations = (
				FACB051D2016769D006545D6 /* Debug */,
				FACB051E2016769D006545D6 /* Release */,
			);
			defaultConfigurationIsVisible = 0;
			defaultConfigurationName = Release;
		};
		FACB051F2016769D006545D6 /* Build configuration list for PBXNativeTarget "MovieNight" */ = {
			isa = XCConfigurationList;
			buildConfigurations = (
				FACB05202016769D006545D6 /* Debug */,
				FACB05212016769D006545D6 /* Release */,
			);
			defaultConfigurationIsVisible = 0;
			defaultConfigurationName = Release;
		};
/* End XCConfigurationList section */
	};
	rootObject = FACB05052016769D006545D6 /* Project object */;
}
